
Microsoft Visual Studio Solution File, Format Version 12.00
# Visual Studio 2012
Project("{FAE04EC0-301F-11D3-BF4B-00C04F79EFBC}") = "EaiConverter", "EaiConverter\EaiConverter.csproj", "{9D31AE9D-5A18-4911-BBCF-2698626FA8A4}"
EndProject
Project("{FAE04EC0-301F-11D3-BF4B-00C04F79EFBC}") = "EaiConverter.Test", "EaiConverterTest\EaiConverter.Test.csproj", "{C3889BF9-C18D-4297-978A-B1FCB418DF0E}"
EndProject
Project("{2150E333-8FDC-42A3-9474-1A3956D46DE8}") = ".nuget", ".nuget", "{DD07DC86-3335-4C43-B8C1-2D9FF18B43C1}"
	ProjectSection(SolutionItems) = preProject
		.nuget\NuGet.Config = .nuget\NuGet.Config
		.nuget\NuGet.exe = .nuget\NuGet.exe
		.nuget\NuGet.targets = .nuget\NuGet.targets
	EndProjectSection
EndProject
Global
	GlobalSection(SolutionConfigurationPlatforms) = preSolution
		Debug|x86 = Debug|x86
		Release|x86 = Release|x86
	EndGlobalSection
	GlobalSection(ProjectConfigurationPlatforms) = postSolution
		{9D31AE9D-5A18-4911-BBCF-2698626FA8A4}.Debug|x86.ActiveCfg = Debug|x86
		{9D31AE9D-5A18-4911-BBCF-2698626FA8A4}.Debug|x86.Build.0 = Debug|x86
		{9D31AE9D-5A18-4911-BBCF-2698626FA8A4}.Release|x86.ActiveCfg = Release|x86
		{9D31AE9D-5A18-4911-BBCF-2698626FA8A4}.Release|x86.Build.0 = Release|x86
		{C3889BF9-C18D-4297-978A-B1FCB418DF0E}.Debug|x86.ActiveCfg = Debug|x86
		{C3889BF9-C18D-4297-978A-B1FCB418DF0E}.Debug|x86.Build.0 = Debug|x86
		{C3889BF9-C18D-4297-978A-B1FCB418DF0E}.Release|x86.ActiveCfg = Release|x86
		{C3889BF9-C18D-4297-978A-B1FCB418DF0E}.Release|x86.Build.0 = Release|x86
	EndGlobalSection
	GlobalSection(NestedProjects) = preSolution
	EndGlobalSection
	GlobalSection(MonoDevelopProperties) = preSolution
		Policies = $0
		$0.DotNetNamingPolicy = $1
		$1.DirectoryNamespaceAssociation = PrefixedFlat
		$1.ResourceNamePolicy = FileFormatDefault
		$0.TextStylePolicy = $2
		$2.FileWidth = 120
		$2.TabsToSpaces = False
		$2.inheritsSet = VisualStudio
		$2.inheritsScope = text/plain
		$0.TextStylePolicy = $3
		$3.inheritsSet = VisualStudio
		$3.inheritsScope = text/plain
		$3.scope = text/x-csharp
		$0.CSharpFormattingPolicy = $4
		$4.IndentSwitchBody = True
		$4.IndentBlocksInsideExpressions = True
		$4.AnonymousMethodBraceStyle = NextLine
		$4.PropertyBraceStyle = NextLine
		$4.PropertyGetBraceStyle = NextLine
		$4.PropertySetBraceStyle = NextLine
		$4.EventBraceStyle = NextLine
		$4.EventAddBraceStyle = NextLine
		$4.EventRemoveBraceStyle = NextLine
		$4.StatementBraceStyle = NextLine
		$4.ElseNewLinePlacement = NewLine
		$4.CatchNewLinePlacement = NewLine
		$4.FinallyNewLinePlacement = NewLine
		$4.WhileNewLinePlacement = DoNotCare
		$4.ArrayInitializerWrapping = DoNotChange
		$4.ArrayInitializerBraceStyle = NextLine
		$4.BeforeMethodDeclarationParentheses = False
		$4.BeforeMethodCallParentheses = False
		$4.BeforeConstructorDeclarationParentheses = False
		$4.NewLineBeforeConstructorInitializerColon = NewLine
		$4.NewLineAfterConstructorInitializerColon = SameLine
		$4.BeforeDelegateDeclarationParentheses = False
		$4.NewParentheses = False
		$4.SpacesBeforeBrackets = False
		$4.inheritsSet = Mono
		$4.inheritsScope = text/x-csharp
		$4.scope = text/x-csharp
	EndGlobalSection
	GlobalSection(SolutionProperties) = preSolution
		HideSolutionNode = FALSE
	EndGlobalSection
EndGlobal
